// !$*UTF8*$!
{
	archiveVersion = 1;
	classes = {
	};
	objectVersion = 56;
	objects = {

/* Begin PBXBuildFile section */
		A46DD28C2AF81D0500710E0A /* LampStateDataModel.swift in Sources */ = {isa = PBXBuildFile; fileRef = A46DD28B2AF81D0500710E0A /* LampStateDataModel.swift */; };
		A493E7192AC3154B00EF087B /* AppDelegate.swift in Sources */ = {isa = PBXBuildFile; fileRef = A493E7182AC3154B00EF087B /* AppDelegate.swift */; };
		A493E71B2AC3154B00EF087B /* SceneDelegate.swift in Sources */ = {isa = PBXBuildFile; fileRef = A493E71A2AC3154B00EF087B /* SceneDelegate.swift */; };
		A493E7222AC3154C00EF087B /* Assets.xcassets in Resources */ = {isa = PBXBuildFile; fileRef = A493E7212AC3154C00EF087B /* Assets.xcassets */; };
		A493E7252AC3154C00EF087B /* LaunchScreen.storyboard in Resources */ = {isa = PBXBuildFile; fileRef = A493E7232AC3154C00EF087B /* LaunchScreen.storyboard */; };
		A493E72D2AC316D600EF087B /* CustomTabBarViewController.swift in Sources */ = {isa = PBXBuildFile; fileRef = A493E72C2AC316D600EF087B /* CustomTabBarViewController.swift */; };
		A493E72F2AC31F3100EF087B /* StartAnimationViewController.swift in Sources */ = {isa = PBXBuildFile; fileRef = A493E72E2AC31F3100EF087B /* StartAnimationViewController.swift */; };
		A493E7312AC323CE00EF087B /* ManagingViewController.swift in Sources */ = {isa = PBXBuildFile; fileRef = A493E7302AC323CE00EF087B /* ManagingViewController.swift */; };
		A493E7332AC323DB00EF087B /* ConnectionViewController.swift in Sources */ = {isa = PBXBuildFile; fileRef = A493E7322AC323DB00EF087B /* ConnectionViewController.swift */; };
		A493E7362AC32B8B00EF087B /* TextAppearance.swift in Sources */ = {isa = PBXBuildFile; fileRef = A493E7352AC32B8B00EF087B /* TextAppearance.swift */; };
		A493E73F2AC337CA00EF087B /* ManagingTableViewCell.swift in Sources */ = {isa = PBXBuildFile; fileRef = A493E73E2AC337CA00EF087B /* ManagingTableViewCell.swift */; };
		A493E7412AC33E2600EF087B /* ManagingTableFunctions.swift in Sources */ = {isa = PBXBuildFile; fileRef = A493E7402AC33E2600EF087B /* ManagingTableFunctions.swift */; };
		A493E7432AC346C000EF087B /* PossibleDevices.swift in Sources */ = {isa = PBXBuildFile; fileRef = A493E7422AC346C000EF087B /* PossibleDevices.swift */; };
		A493E7462AC359E600EF087B /* BLEProvider.swift in Sources */ = {isa = PBXBuildFile; fileRef = A493E7452AC359E600EF087B /* BLEProvider.swift */; };
		A493E7482AC35A0F00EF087B /* ForSets.swift in Sources */ = {isa = PBXBuildFile; fileRef = A493E7472AC35A0F00EF087B /* ForSets.swift */; };
		A493E74E2AC35B0600EF087B /* ConnectionTableViewCell.swift in Sources */ = {isa = PBXBuildFile; fileRef = A493E74D2AC35B0600EF087B /* ConnectionTableViewCell.swift */; };
		A493E7502AC35B6400EF087B /* ConnectionTableFunctions.swift in Sources */ = {isa = PBXBuildFile; fileRef = A493E74F2AC35B6400EF087B /* ConnectionTableFunctions.swift */; };
		A493E7522AC3648700EF087B /* Device.swift in Sources */ = {isa = PBXBuildFile; fileRef = A493E7512AC3648700EF087B /* Device.swift */; };
		A493E7582AC3A04900EF087B /* ConnectionProtocols.swift in Sources */ = {isa = PBXBuildFile; fileRef = A493E7572AC3A04900EF087B /* ConnectionProtocols.swift */; };
		A49413FD2AFABC66006C7CF5 /* CALayerAnimation.swift in Sources */ = {isa = PBXBuildFile; fileRef = A49413FC2AFABC66006C7CF5 /* CALayerAnimation.swift */; };
		A4B055142AF658A100C15603 /* TimerPopUpViewController.swift in Sources */ = {isa = PBXBuildFile; fileRef = A4B055132AF658A100C15603 /* TimerPopUpViewController.swift */; };
		A4BE3A7A2AF2A7B6007B0777 /* MainViewController.swift in Sources */ = {isa = PBXBuildFile; fileRef = A4BE3A792AF2A7B6007B0777 /* MainViewController.swift */; };
/* End PBXBuildFile section */

/* Begin PBXFileReference section */
		A46DD28B2AF81D0500710E0A /* LampStateDataModel.swift */ = {isa = PBXFileReference; lastKnownFileType = sourcecode.swift; path = LampStateDataModel.swift; sourceTree = "<group>"; };
		A493E7152AC3154B00EF087B /* SmartLamp.app */ = {isa = PBXFileReference; explicitFileType = wrapper.application; includeInIndex = 0; path = SmartLamp.app; sourceTree = BUILT_PRODUCTS_DIR; };
		A493E7182AC3154B00EF087B /* AppDelegate.swift */ = {isa = PBXFileReference; lastKnownFileType = sourcecode.swift; path = AppDelegate.swift; sourceTree = "<group>"; };
		A493E71A2AC3154B00EF087B /* SceneDelegate.swift */ = {isa = PBXFileReference; lastKnownFileType = sourcecode.swift; path = SceneDelegate.swift; sourceTree = "<group>"; };
		A493E7212AC3154C00EF087B /* Assets.xcassets */ = {isa = PBXFileReference; lastKnownFileType = folder.assetcatalog; path = Assets.xcassets; sourceTree = "<group>"; };
		A493E7242AC3154C00EF087B /* Base */ = {isa = PBXFileReference; lastKnownFileType = file.storyboard; name = Base; path = Base.lproj/LaunchScreen.storyboard; sourceTree = "<group>"; };
		A493E7262AC3154C00EF087B /* Info.plist */ = {isa = PBXFileReference; lastKnownFileType = text.plist.xml; path = Info.plist; sourceTree = "<group>"; };
		A493E72C2AC316D600EF087B /* CustomTabBarViewController.swift */ = {isa = PBXFileReference; lastKnownFileType = sourcecode.swift; path = CustomTabBarViewController.swift; sourceTree = "<group>"; };
		A493E72E2AC31F3100EF087B /* StartAnimationViewController.swift */ = {isa = PBXFileReference; lastKnownFileType = sourcecode.swift; path = StartAnimationViewController.swift; sourceTree = "<group>"; };
		A493E7302AC323CE00EF087B /* ManagingViewController.swift */ = {isa = PBXFileReference; lastKnownFileType = sourcecode.swift; path = ManagingViewController.swift; sourceTree = "<group>"; };
		A493E7322AC323DB00EF087B /* ConnectionViewController.swift */ = {isa = PBXFileReference; lastKnownFileType = sourcecode.swift; path = ConnectionViewController.swift; sourceTree = "<group>"; };
		A493E7352AC32B8B00EF087B /* TextAppearance.swift */ = {isa = PBXFileReference; lastKnownFileType = sourcecode.swift; path = TextAppearance.swift; sourceTree = "<group>"; };
		A493E73E2AC337CA00EF087B /* ManagingTableViewCell.swift */ = {isa = PBXFileReference; lastKnownFileType = sourcecode.swift; path = ManagingTableViewCell.swift; sourceTree = "<group>"; };
		A493E7402AC33E2600EF087B /* ManagingTableFunctions.swift */ = {isa = PBXFileReference; lastKnownFileType = sourcecode.swift; path = ManagingTableFunctions.swift; sourceTree = "<group>"; };
		A493E7422AC346C000EF087B /* PossibleDevices.swift */ = {isa = PBXFileReference; lastKnownFileType = sourcecode.swift; path = PossibleDevices.swift; sourceTree = "<group>"; };
		A493E7452AC359E600EF087B /* BLEProvider.swift */ = {isa = PBXFileReference; lastKnownFileType = sourcecode.swift; path = BLEProvider.swift; sourceTree = "<group>"; };
		A493E7472AC35A0F00EF087B /* ForSets.swift */ = {isa = PBXFileReference; lastKnownFileType = sourcecode.swift; path = ForSets.swift; sourceTree = "<group>"; };
		A493E74D2AC35B0600EF087B /* ConnectionTableViewCell.swift */ = {isa = PBXFileReference; lastKnownFileType = sourcecode.swift; path = ConnectionTableViewCell.swift; sourceTree = "<group>"; };
		A493E74F2AC35B6400EF087B /* ConnectionTableFunctions.swift */ = {isa = PBXFileReference; lastKnownFileType = sourcecode.swift; path = ConnectionTableFunctions.swift; sourceTree = "<group>"; };
		A493E7512AC3648700EF087B /* Device.swift */ = {isa = PBXFileReference; lastKnownFileType = sourcecode.swift; path = Device.swift; sourceTree = "<group>"; };
		A493E7572AC3A04900EF087B /* ConnectionProtocols.swift */ = {isa = PBXFileReference; lastKnownFileType = sourcecode.swift; path = ConnectionProtocols.swift; sourceTree = "<group>"; };
		A49413FC2AFABC66006C7CF5 /* CALayerAnimation.swift */ = {isa = PBXFileReference; lastKnownFileType = sourcecode.swift; path = CALayerAnimation.swift; sourceTree = "<group>"; };
		A4B055132AF658A100C15603 /* TimerPopUpViewController.swift */ = {isa = PBXFileReference; lastKnownFileType = sourcecode.swift; path = TimerPopUpViewController.swift; sourceTree = "<group>"; };
		A4BE3A792AF2A7B6007B0777 /* MainViewController.swift */ = {isa = PBXFileReference; lastKnownFileType = sourcecode.swift; path = MainViewController.swift; sourceTree = "<group>"; };
/* End PBXFileReference section */

/* Begin PBXFrameworksBuildPhase section */
		A493E7122AC3154B00EF087B /* Frameworks */ = {
			isa = PBXFrameworksBuildPhase;
			buildActionMask = 2147483647;
			files = (
			);
			runOnlyForDeploymentPostprocessing = 0;
		};
/* End PBXFrameworksBuildPhase section */

/* Begin PBXGroup section */
		A493E70C2AC3154B00EF087B = {
			isa = PBXGroup;
			children = (
				A493E7172AC3154B00EF087B /* SmartLamp */,
				A493E7162AC3154B00EF087B /* Products */,
			);
			sourceTree = "<group>";
		};
		A493E7162AC3154B00EF087B /* Products */ = {
			isa = PBXGroup;
			children = (
				A493E7152AC3154B00EF087B /* SmartLamp.app */,
			);
			name = Products;
			sourceTree = "<group>";
		};
		A493E7172AC3154B00EF087B /* SmartLamp */ = {
			isa = PBXGroup;
			children = (
				A493E7182AC3154B00EF087B /* AppDelegate.swift */,
				A493E71A2AC3154B00EF087B /* SceneDelegate.swift */,
				A493E72C2AC316D600EF087B /* CustomTabBarViewController.swift */,
				A493E7442AC359D500EF087B /* BLE */,
				A4BE3A782AF2A790007B0777 /* MainScreen */,
				A493E7492AC35AA400EF087B /* Connection */,
				A493E7382AC3370000EF087B /* Managing */,
				A493E7372AC3349A00EF087B /* LoadingNLaunch */,
				A493E7342AC32B5600EF087B /* Extensions */,
				A493E7262AC3154C00EF087B /* Info.plist */,
			);
			path = SmartLamp;
			sourceTree = "<group>";
		};
		A493E7342AC32B5600EF087B /* Extensions */ = {
			isa = PBXGroup;
			children = (
				A493E7352AC32B8B00EF087B /* TextAppearance.swift */,
				A493E7472AC35A0F00EF087B /* ForSets.swift */,
				A49413FC2AFABC66006C7CF5 /* CALayerAnimation.swift */,
				A493E7212AC3154C00EF087B /* Assets.xcassets */,
			);
			path = Extensions;
			sourceTree = "<group>";
		};
		A493E7372AC3349A00EF087B /* LoadingNLaunch */ = {
			isa = PBXGroup;
			children = (
				A493E7232AC3154C00EF087B /* LaunchScreen.storyboard */,
				A493E72E2AC31F3100EF087B /* StartAnimationViewController.swift */,
			);
			path = LoadingNLaunch;
			sourceTree = "<group>";
		};
		A493E7382AC3370000EF087B /* Managing */ = {
			isa = PBXGroup;
			children = (
				A493E73B2AC3371D00EF087B /* View */,
				A493E7392AC3370900EF087B /* Controller */,
				A493E73A2AC3371100EF087B /* Models */,
			);
			path = Managing;
			sourceTree = "<group>";
		};
		A493E7392AC3370900EF087B /* Controller */ = {
			isa = PBXGroup;
			children = (
				A493E7302AC323CE00EF087B /* ManagingViewController.swift */,
				A493E7402AC33E2600EF087B /* ManagingTableFunctions.swift */,
			);
			path = Controller;
			sourceTree = "<group>";
		};
		A493E73A2AC3371100EF087B /* Models */ = {
			isa = PBXGroup;
			children = (
				A493E7422AC346C000EF087B /* PossibleDevices.swift */,
				A493E7512AC3648700EF087B /* Device.swift */,
			);
			path = Models;
			sourceTree = "<group>";
		};
		A493E73B2AC3371D00EF087B /* View */ = {
			isa = PBXGroup;
			children = (
				A493E73E2AC337CA00EF087B /* ManagingTableViewCell.swift */,
			);
			path = View;
			sourceTree = "<group>";
		};
		A493E7442AC359D500EF087B /* BLE */ = {
			isa = PBXGroup;
			children = (
				A493E7452AC359E600EF087B /* BLEProvider.swift */,
				A46DD28B2AF81D0500710E0A /* LampStateDataModel.swift */,
			);
			path = BLE;
			sourceTree = "<group>";
		};
		A493E7492AC35AA400EF087B /* Connection */ = {
			isa = PBXGroup;
			children = (
				A493E74C2AC35AD300EF087B /* Controller */,
				A493E74B2AC35ACA00EF087B /* Model */,
				A493E74A2AC35AC200EF087B /* View */,
			);
			path = Connection;
			sourceTree = "<group>";
		};
		A493E74A2AC35AC200EF087B /* View */ = {
			isa = PBXGroup;
			children = (
				A493E74D2AC35B0600EF087B /* ConnectionTableViewCell.swift */,
			);
			path = View;
			sourceTree = "<group>";
		};
		A493E74B2AC35ACA00EF087B /* Model */ = {
			isa = PBXGroup;
			children = (
				A493E7572AC3A04900EF087B /* ConnectionProtocols.swift */,
			);
			path = Model;
			sourceTree = "<group>";
		};
		A493E74C2AC35AD300EF087B /* Controller */ = {
			isa = PBXGroup;
			children = (
				A493E7322AC323DB00EF087B /* ConnectionViewController.swift */,
				A493E74F2AC35B6400EF087B /* ConnectionTableFunctions.swift */,
			);
			path = Controller;
			sourceTree = "<group>";
		};
		A4BE3A782AF2A790007B0777 /* MainScreen */ = {
			isa = PBXGroup;
			children = (
				A4BE3A792AF2A7B6007B0777 /* MainViewController.swift */,
				A4B055132AF658A100C15603 /* TimerPopUpViewController.swift */,
			);
			path = MainScreen;
			sourceTree = "<group>";
		};
/* End PBXGroup section */

/* Begin PBXNativeTarget section */
		A493E7142AC3154B00EF087B /* SmartLamp */ = {
			isa = PBXNativeTarget;
			buildConfigurationList = A493E7292AC3154C00EF087B /* Build configuration list for PBXNativeTarget "SmartLamp" */;
			buildPhases = (
				A493E7112AC3154B00EF087B /* Sources */,
				A493E7122AC3154B00EF087B /* Frameworks */,
				A493E7132AC3154B00EF087B /* Resources */,
			);
			buildRules = (
			);
			dependencies = (
			);
			name = SmartLamp;
			productName = SmartLamp;
			productReference = A493E7152AC3154B00EF087B /* SmartLamp.app */;
			productType = "com.apple.product-type.application";
		};
/* End PBXNativeTarget section */

/* Begin PBXProject section */
		A493E70D2AC3154B00EF087B /* Project object */ = {
			isa = PBXProject;
			attributes = {
				BuildIndependentTargetsInParallel = 1;
				LastSwiftUpdateCheck = 1430;
				LastUpgradeCheck = 1430;
				TargetAttributes = {
					A493E7142AC3154B00EF087B = {
						CreatedOnToolsVersion = 14.3;
					};
				};
			};
			buildConfigurationList = A493E7102AC3154B00EF087B /* Build configuration list for PBXProject "SmartLamp" */;
			compatibilityVersion = "Xcode 14.0";
			developmentRegion = en;
			hasScannedForEncodings = 0;
			knownRegions = (
				en,
				Base,
			);
			mainGroup = A493E70C2AC3154B00EF087B;
			productRefGroup = A493E7162AC3154B00EF087B /* Products */;
			projectDirPath = "";
			projectRoot = "";
			targets = (
				A493E7142AC3154B00EF087B /* SmartLamp */,
			);
		};
/* End PBXProject section */

/* Begin PBXResourcesBuildPhase section */
		A493E7132AC3154B00EF087B /* Resources */ = {
			isa = PBXResourcesBuildPhase;
			buildActionMask = 2147483647;
			files = (
				A493E7252AC3154C00EF087B /* LaunchScreen.storyboard in Resources */,
				A493E7222AC3154C00EF087B /* Assets.xcassets in Resources */,
			);
			runOnlyForDeploymentPostprocessing = 0;
		};
/* End PBXResourcesBuildPhase section */

/* Begin PBXSourcesBuildPhase section */
		A493E7112AC3154B00EF087B /* Sources */ = {
			isa = PBXSourcesBuildPhase;
			buildActionMask = 2147483647;
			files = (
				A493E7432AC346C000EF087B /* PossibleDevices.swift in Sources */,
				A493E73F2AC337CA00EF087B /* ManagingTableViewCell.swift in Sources */,
				A493E7482AC35A0F00EF087B /* ForSets.swift in Sources */,
				A46DD28C2AF81D0500710E0A /* LampStateDataModel.swift in Sources */,
				A493E7582AC3A04900EF087B /* ConnectionProtocols.swift in Sources */,
				A493E7462AC359E600EF087B /* BLEProvider.swift in Sources */,
				A493E7312AC323CE00EF087B /* ManagingViewController.swift in Sources */,
				A4B055142AF658A100C15603 /* TimerPopUpViewController.swift in Sources */,
				A493E72F2AC31F3100EF087B /* StartAnimationViewController.swift in Sources */,
				A493E7332AC323DB00EF087B /* ConnectionViewController.swift in Sources */,
				A493E7362AC32B8B00EF087B /* TextAppearance.swift in Sources */,
				A493E7192AC3154B00EF087B /* AppDelegate.swift in Sources */,
				A493E7522AC3648700EF087B /* Device.swift in Sources */,
				A493E7412AC33E2600EF087B /* ManagingTableFunctions.swift in Sources */,
				A493E72D2AC316D600EF087B /* CustomTabBarViewController.swift in Sources */,
				A493E74E2AC35B0600EF087B /* ConnectionTableViewCell.swift in Sources */,
				A4BE3A7A2AF2A7B6007B0777 /* MainViewController.swift in Sources */,
				A49413FD2AFABC66006C7CF5 /* CALayerAnimation.swift in Sources */,
				A493E7502AC35B6400EF087B /* ConnectionTableFunctions.swift in Sources */,
				A493E71B2AC3154B00EF087B /* SceneDelegate.swift in Sources */,
			);
			runOnlyForDeploymentPostprocessing = 0;
		};
/* End PBXSourcesBuildPhase section */

/* Begin PBXVariantGroup section */
		A493E7232AC3154C00EF087B /* LaunchScreen.storyboard */ = {
			isa = PBXVariantGroup;
			children = (
				A493E7242AC3154C00EF087B /* Base */,
			);
			name = LaunchScreen.storyboard;
			sourceTree = "<group>";
		};
/* End PBXVariantGroup section */

/* Begin XCBuildConfiguration section */
		A493E7272AC3154C00EF087B /* Debug */ = {
			isa = XCBuildConfiguration;
			buildSettings = {
				ALWAYS_SEARCH_USER_PATHS = NO;
				CLANG_ANALYZER_NONNULL = YES;
				CLANG_ANALYZER_NUMBER_OBJECT_CONVERSION = YES_AGGRESSIVE;
				CLANG_CXX_LANGUAGE_STANDARD = "gnu++20";
				CLANG_ENABLE_MODULES = YES;
				CLANG_ENABLE_OBJC_ARC = YES;
				CLANG_ENABLE_OBJC_WEAK = YES;
				CLANG_WARN_BLOCK_CAPTURE_AUTORELEASING = YES;
				CLANG_WARN_BOOL_CONVERSION = YES;
				CLANG_WARN_COMMA = YES;
				CLANG_WARN_CONSTANT_CONVERSION = YES;
				CLANG_WARN_DEPRECATED_OBJC_IMPLEMENTATIONS = YES;
				CLANG_WARN_DIRECT_OBJC_ISA_USAGE = YES_ERROR;
				CLANG_WARN_DOCUMENTATION_COMMENTS = YES;
				CLANG_WARN_EMPTY_BODY = YES;
				CLANG_WARN_ENUM_CONVERSION = YES;
				CLANG_WARN_INFINITE_RECURSION = YES;
				CLANG_WARN_INT_CONVERSION = YES;
				CLANG_WARN_NON_LITERAL_NULL_CONVERSION = YES;
				CLANG_WARN_OBJC_IMPLICIT_RETAIN_SELF = YES;
				CLANG_WARN_OBJC_LITERAL_CONVERSION = YES;
				CLANG_WARN_OBJC_ROOT_CLASS = YES_ERROR;
				CLANG_WARN_QUOTED_INCLUDE_IN_FRAMEWORK_HEADER = YES;
				CLANG_WARN_RANGE_LOOP_ANALYSIS = YES;
				CLANG_WARN_STRICT_PROTOTYPES = YES;
				CLANG_WARN_SUSPICIOUS_MOVE = YES;
				CLANG_WARN_UNGUARDED_AVAILABILITY = YES_AGGRESSIVE;
				CLANG_WARN_UNREACHABLE_CODE = YES;
				CLANG_WARN__DUPLICATE_METHOD_MATCH = YES;
				COPY_PHASE_STRIP = NO;
				DEBUG_INFORMATION_FORMAT = dwarf;
				ENABLE_STRICT_OBJC_MSGSEND = YES;
				ENABLE_TESTABILITY = YES;
				GCC_C_LANGUAGE_STANDARD = gnu11;
				GCC_DYNAMIC_NO_PIC = NO;
				GCC_NO_COMMON_BLOCKS = YES;
				GCC_OPTIMIZATION_LEVEL = 0;
				GCC_PREPROCESSOR_DEFINITIONS = (
					"DEBUG=1",
					"$(inherited)",
				);
				GCC_WARN_64_TO_32_BIT_CONVERSION = YES;
				GCC_WARN_ABOUT_RETURN_TYPE = YES_ERROR;
				GCC_WARN_UNDECLARED_SELECTOR = YES;
				GCC_WARN_UNINITIALIZED_AUTOS = YES_AGGRESSIVE;
				GCC_WARN_UNUSED_FUNCTION = YES;
				GCC_WARN_UNUSED_VARIABLE = YES;
				IPHONEOS_DEPLOYMENT_TARGET = 16.4;
				MTL_ENABLE_DEBUG_INFO = INCLUDE_SOURCE;
				MTL_FAST_MATH = YES;
				ONLY_ACTIVE_ARCH = YES;
				SDKROOT = iphoneos;
				SWIFT_ACTIVE_COMPILATION_CONDITIONS = DEBUG;
				SWIFT_OPTIMIZATION_LEVEL = "-Onone";
			};
			name = Debug;
		};
		A493E7282AC3154C00EF087B /* Release */ = {
			isa = XCBuildConfiguration;
			buildSettings = {
				ALWAYS_SEARCH_USER_PATHS = NO;
				CLANG_ANALYZER_NONNULL = YES;
				CLANG_ANALYZER_NUMBER_OBJECT_CONVERSION = YES_AGGRESSIVE;
				CLANG_CXX_LANGUAGE_STANDARD = "gnu++20";
				CLANG_ENABLE_MODULES = YES;
				CLANG_ENABLE_OBJC_ARC = YES;
				CLANG_ENABLE_OBJC_WEAK = YES;
				CLANG_WARN_BLOCK_CAPTURE_AUTORELEASING = YES;
				CLANG_WARN_BOOL_CONVERSION = YES;
				CLANG_WARN_COMMA = YES;
				CLANG_WARN_CONSTANT_CONVERSION = YES;
				CLANG_WARN_DEPRECATED_OBJC_IMPLEMENTATIONS = YES;
				CLANG_WARN_DIRECT_OBJC_ISA_USAGE = YES_ERROR;
				CLANG_WARN_DOCUMENTATION_COMMENTS = YES;
				CLANG_WARN_EMPTY_BODY = YES;
				CLANG_WARN_ENUM_CONVERSION = YES;
				CLANG_WARN_INFINITE_RECURSION = YES;
				CLANG_WARN_INT_CONVERSION = YES;
				CLANG_WARN_NON_LITERAL_NULL_CONVERSION = YES;
				CLANG_WARN_OBJC_IMPLICIT_RETAIN_SELF = YES;
				CLANG_WARN_OBJC_LITERAL_CONVERSION = YES;
				CLANG_WARN_OBJC_ROOT_CLASS = YES_ERROR;
				CLANG_WARN_QUOTED_INCLUDE_IN_FRAMEWORK_HEADER = YES;
				CLANG_WARN_RANGE_LOOP_ANALYSIS = YES;
				CLANG_WARN_STRICT_PROTOTYPES = YES;
				CLANG_WARN_SUSPICIOUS_MOVE = YES;
				CLANG_WARN_UNGUARDED_AVAILABILITY = YES_AGGRESSIVE;
				CLANG_WARN_UNREACHABLE_CODE = YES;
				CLANG_WARN__DUPLICATE_METHOD_MATCH = YES;
				COPY_PHASE_STRIP = NO;
				DEBUG_INFORMATION_FORMAT = "dwarf-with-dsym";
				ENABLE_NS_ASSERTIONS = NO;
				ENABLE_STRICT_OBJC_MSGSEND = YES;
				GCC_C_LANGUAGE_STANDARD = gnu11;
				GCC_NO_COMMON_BLOCKS = YES;
				GCC_WARN_64_TO_32_BIT_CONVERSION = YES;
				GCC_WARN_ABOUT_RETURN_TYPE = YES_ERROR;
				GCC_WARN_UNDECLARED_SELECTOR = YES;
				GCC_WARN_UNINITIALIZED_AUTOS = YES_AGGRESSIVE;
				GCC_WARN_UNUSED_FUNCTION = YES;
				GCC_WARN_UNUSED_VARIABLE = YES;
				IPHONEOS_DEPLOYMENT_TARGET = 16.4;
				MTL_ENABLE_DEBUG_INFO = NO;
				MTL_FAST_MATH = YES;
				SDKROOT = iphoneos;
				SWIFT_COMPILATION_MODE = wholemodule;
				SWIFT_OPTIMIZATION_LEVEL = "-O";
				VALIDATE_PRODUCT = YES;
			};
			name = Release;
		};
		A493E72A2AC3154C00EF087B /* Debug */ = {
			isa = XCBuildConfiguration;
			buildSettings = {
				ASSETCATALOG_COMPILER_APPICON_NAME = AppIcon;
				ASSETCATALOG_COMPILER_GLOBAL_ACCENT_COLOR_NAME = AccentColor;
				CODE_SIGN_STYLE = Automatic;
				CURRENT_PROJECT_VERSION = 1;
				DEVELOPMENT_TEAM = 83A3HB7D55;
				GENERATE_INFOPLIST_FILE = YES;
				INFOPLIST_FILE = SmartLamp/Info.plist;
				INFOPLIST_KEY_CFBundleDisplayName = "Солнышко";
				INFOPLIST_KEY_LSApplicationCategoryType = "public.app-category.utilities";
				INFOPLIST_KEY_NSBluetoothAlwaysUsageDescription = "Для управления умными девайсами \"Солнышко\"";
				INFOPLIST_KEY_UIApplicationSupportsIndirectInputEvents = YES;
				INFOPLIST_KEY_UILaunchStoryboardName = LaunchScreen.storyboard;
				INFOPLIST_KEY_UIMainStoryboardFile = "";
				INFOPLIST_KEY_UISupportedInterfaceOrientations = UIInterfaceOrientationPortrait;
				IPHONEOS_DEPLOYMENT_TARGET = 13.0;
				LD_RUNPATH_SEARCH_PATHS = (
					"$(inherited)",
					"@executable_path/Frameworks",
				);
				MARKETING_VERSION = 1.3;
				PRODUCT_BUNDLE_IDENTIFIER = theSun.SmartLamp;
				PRODUCT_NAME = "$(TARGET_NAME)";
				SUPPORTED_PLATFORMS = "iphoneos iphonesimulator";
				SUPPORTS_MACCATALYST = NO;
				SUPPORTS_MAC_DESIGNED_FOR_IPHONE_IPAD = NO;
				SWIFT_EMIT_LOC_STRINGS = YES;
				SWIFT_VERSION = 5.0;
				TARGETED_DEVICE_FAMILY = 1;
			};
			name = Debug;
		};
		A493E72B2AC3154C00EF087B /* Release */ = {
			isa = XCBuildConfiguration;
			buildSettings = {
				ASSETCATALOG_COMPILER_APPICON_NAME = AppIcon;
				ASSETCATALOG_COMPILER_GLOBAL_ACCENT_COLOR_NAME = AccentColor;
				CODE_SIGN_STYLE = Automatic;
				CURRENT_PROJECT_VERSION = 1;
				DEVELOPMENT_TEAM = 83A3HB7D55;
				GENERATE_INFOPLIST_FILE = YES;
				INFOPLIST_FILE = SmartLamp/Info.plist;
				INFOPLIST_KEY_CFBundleDisplayName = "Солнышко";
				INFOPLIST_KEY_LSApplicationCategoryType = "public.app-category.utilities";
				INFOPLIST_KEY_NSBluetoothAlwaysUsageDescription = "Для управления умными девайсами \"Солнышко\"";
				INFOPLIST_KEY_UIApplicationSupportsIndirectInputEvents = YES;
				INFOPLIST_KEY_UILaunchStoryboardName = LaunchScreen.storyboard;
				INFOPLIST_KEY_UIMainStoryboardFile = "";
				INFOPLIST_KEY_UISupportedInterfaceOrientations = UIInterfaceOrientationPortrait;
				IPHONEOS_DEPLOYMENT_TARGET = 13.0;
				LD_RUNPATH_SEARCH_PATHS = (
					"$(inherited)",
					"@executable_path/Frameworks",
				);
				MARKETING_VERSION = 1.3;
				PRODUCT_BUNDLE_IDENTIFIER = theSun.SmartLamp;
				PRODUCT_NAME = "$(TARGET_NAME)";
				SUPPORTED_PLATFORMS = "iphoneos iphonesimulator";
				SUPPORTS_MACCATALYST = NO;
				SUPPORTS_MAC_DESIGNED_FOR_IPHONE_IPAD = NO;
				SWIFT_EMIT_LOC_STRINGS = YES;
				SWIFT_VERSION = 5.0;
				TARGETED_DEVICE_FAMILY = 1;
			};
			name = Release;
		};
/* End XCBuildConfiguration section */

/* Begin XCConfigurationList section */
		A493E7102AC3154B00EF087B /* Build configuration list for PBXProject "SmartLamp" */ = {
			isa = XCConfigurationList;
			buildConfigurations = (
				A493E7272AC3154C00EF087B /* Debug */,
				A493E7282AC3154C00EF087B /* Release */,
			);
			defaultConfigurationIsVisible = 0;
			defaultConfigurationName = Release;
		};
		A493E7292AC3154C00EF087B /* Build configuration list for PBXNativeTarget "SmartLamp" */ = {
			isa = XCConfigurationList;
			buildConfigurations = (
				A493E72A2AC3154C00EF087B /* Debug */,
				A493E72B2AC3154C00EF087B /* Release */,
			);
			defaultConfigurationIsVisible = 0;
			defaultConfigurationName = Release;
		};
/* End XCConfigurationList section */
	};
	rootObject = A493E70D2AC3154B00EF087B /* Project object */;
}
